# THIS IS AN AUTOGENERATED FILE. DO NOT EDIT THIS FILE DIRECTLY.
# yarn lockfile v1


"@polymer/polymer@^3.4.1":
  version "3.4.1"
  resolved "https://registry.nlark.com/@polymer/polymer/download/@polymer/polymer-3.4.1.tgz#333bef25711f8411bb5624fb3eba8212ef8bee96"
  integrity sha1-MzvvJXEfhBG7ViT7PrqCEu+L7pY=
  dependencies:
    "@webcomponents/shadycss" "^1.9.1"

"@popperjs/core@^2.11.2":
  version "2.11.2"
  resolved "https://registry.npmmirror.com/@popperjs/core/download/@popperjs/core-2.11.2.tgz#830beaec4b4091a9e9398ac50f865ddea52186b9"
  integrity sha512-92FRmppjjqz29VMJ2dn+xdyXZBrMlE42AV6Kq6BwjWV7CNUW1hs2FtxSNLQE+gJhaZ6AAmYuO9y8dshhcBl7vA==

"@webcomponents/shadycss@^1.9.1":
  version "1.11.0"
  resolved "https://registry.nlark.com/@webcomponents/shadycss/download/@webcomponents/shadycss-1.11.0.tgz#73e289996c002d8be694cd3be0e83c46ad25e7e0"
  integrity sha1-c+KJmWwALYvmlM074Og8Rq0l5+A=

popper.js@^1.16.1:
  version "1.16.1"
  resolved "https://registry.npmmirror.com/popper.js/download/popper.js-1.16.1.tgz#2a223cb3dc7b6213d740e40372be40de43e65b1b"
  integrity sha512-Wb4p1J4zyFTbM+u6WuO4XstYx4Ky9Cewe4DWrel7B0w6VVICvPwdOpotjzcf6eD8TsckVnIMNONQyPIUFOUbCQ==
